
Microsoft Visual Studio Solution File, Format Version 12.00
# Visual Studio Version 17
VisualStudioVersion = 17.0.31903.59
MinimumVisualStudioVersion = 10.0.40219.1
Project("{FAE04EC0-301F-11D3-BF4B-00C04F79EFBC}") = "Florella_MVC", "Florella_MVC\Florella_MVC.csproj", "{2048AB53-03A7-42B5-BF19-339B0B4C8CF1}"
EndProject
Global
	GlobalSection(SolutionConfigurationPlatforms) = preSolution
		Debug|Any CPU = Debug|Any CPU
		Release|Any CPU = Release|Any CPU
	EndGlobalSection
	GlobalSection(ProjectConfigurationPlatforms) = postSolution
		{2048AB53-03A7-42B5-BF19-339B0B4C8CF1}.Debug|Any CPU.ActiveCfg = Debug|Any CPU
		{2048AB53-03A7-42B5-BF19-339B0B4C8CF1}.Debug|Any CPU.Build.0 = Debug|Any CPU
		{2048AB53-03A7-42B5-BF19-339B0B4C8CF1}.Release|Any CPU.ActiveCfg = Release|Any CPU
		{2048AB53-03A7-42B5-BF19-339B0B4C8CF1}.Release|Any CPU.Build.0 = Release|Any CPU
	EndGlobalSection
	GlobalSection(SolutionProperties) = preSolution
		HideSolutionNode = FALSE
	EndGlobalSection
	GlobalSection(ExtensibilityGlobals) = postSolution
		SolutionGuid = {E42439CC-7040-41AC-A48E-119AFFB8EF90}
	EndGlobalSection
EndGlobal
